
Microsoft Visual Studio Solution File, Format Version 12.00
# Visual Studio Version 16
VisualStudioVersion = 16.0.29102.190
MinimumVisualStudioVersion = 10.0.40219.1
Project("{FAE04EC0-301F-11D3-BF4B-00C04F79EFBC}") = "PriceExtensionsApp", "PriceExtensionsApp.csproj", "{6B3E7960-AE37-4ADE-9610-4043EF497BEB}"
EndProject
Global
	GlobalSection(SolutionConfigurationPlatforms) = preSolution
		Debug|Any CPU = Debug|Any CPU
		Release|Any CPU = Release|Any CPU
	EndGlobalSection
	GlobalSection(ProjectConfigurationPlatforms) = postSolution
		{6B3E7960-AE37-4ADE-9610-4043EF497BEB}.Debug|Any CPU.ActiveCfg = Debug|Any CPU
		{6B3E7960-AE37-4ADE-9610-4043EF497BEB}.Debug|Any CPU.Build.0 = Debug|Any CPU
		{6B3E7960-AE37-4ADE-9610-4043EF497BEB}.Release|Any CPU.ActiveCfg = Release|Any CPU
		{6B3E7960-AE37-4ADE-9610-4043EF497BEB}.Release|Any CPU.Build.0 = Release|Any CPU
	EndGlobalSection
	GlobalSection(SolutionProperties) = preSolution
		HideSolutionNode = FALSE
	EndGlobalSection
	GlobalSection(ExtensibilityGlobals) = postSolution
		SolutionGuid = {8A1627C6-5B4B-4FB2-B7AE-028FA5C9C111}
	EndGlobalSection
EndGlobal
